
Microsoft Visual Studio Solution File, Format Version 12.00
# Visual Studio Version 17
VisualStudioVersion = 17.4.33122.133
MinimumVisualStudioVersion = 10.0.40219.1
Project("{888888A0-9F3D-457C-B088-3A5042F75D52}") = "MiniProjet", "MiniProjet\MiniProjet.pyproj", "{3EB8EB8E-E4DF-4505-ADEF-966174C11986}"
EndProject
Global
	GlobalSection(SolutionConfigurationPlatforms) = preSolution
		Debug|Any CPU = Debug|Any CPU
		Release|Any CPU = Release|Any CPU
	EndGlobalSection
	GlobalSection(ProjectConfigurationPlatforms) = postSolution
		{3EB8EB8E-E4DF-4505-ADEF-966174C11986}.Debug|Any CPU.ActiveCfg = Debug|Any CPU
		{3EB8EB8E-E4DF-4505-ADEF-966174C11986}.Release|Any CPU.ActiveCfg = Release|Any CPU
	EndGlobalSection
	GlobalSection(SolutionProperties) = preSolution
		HideSolutionNode = FALSE
	EndGlobalSection
	GlobalSection(ExtensibilityGlobals) = postSolution
		SolutionGuid = {3332642E-A8E0-4112-95E8-437627FF2E0B}
	EndGlobalSection
EndGlobal
